
Microsoft Visual Studio Solution File, Format Version 12.00
# Visual Studio Version 17
VisualStudioVersion = 17.14.36408.4 d17.14
MinimumVisualStudioVersion = 10.0.40219.1
Project("{FAE04EC0-301F-11D3-BF4B-00C04F79EFBC}") = "Entidades", "Entidades\Entidades.csproj", "{2E9677E2-7F95-4775-BE80-FC93623DF383}"
EndProject
Project("{FAE04EC0-301F-11D3-BF4B-00C04F79EFBC}") = "Datos", "Datos\Datos.csproj", "{C095CEBA-91A9-45C0-9475-27BBDB2B3711}"
EndProject
Project("{FAE04EC0-301F-11D3-BF4B-00C04F79EFBC}") = "Negocio", "Negocio\Negocio.csproj", "{89285A43-C36B-44DE-A877-A5634EAEA36E}"
EndProject
Project("{FAE04EC0-301F-11D3-BF4B-00C04F79EFBC}") = "Presentacion", "Presentacion\Presentacion.csproj", "{54E3F0A9-E474-4E69-8DE8-B662269C95DF}"
EndProject
Global
	GlobalSection(SolutionConfigurationPlatforms) = preSolution
		Debug|Any CPU = Debug|Any CPU
		Release|Any CPU = Release|Any CPU
	EndGlobalSection
	GlobalSection(ProjectConfigurationPlatforms) = postSolution
		{2E9677E2-7F95-4775-BE80-FC93623DF383}.Debug|Any CPU.ActiveCfg = Debug|Any CPU
		{2E9677E2-7F95-4775-BE80-FC93623DF383}.Debug|Any CPU.Build.0 = Debug|Any CPU
		{2E9677E2-7F95-4775-BE80-FC93623DF383}.Release|Any CPU.ActiveCfg = Release|Any CPU
		{2E9677E2-7F95-4775-BE80-FC93623DF383}.Release|Any CPU.Build.0 = Release|Any CPU
		{C095CEBA-91A9-45C0-9475-27BBDB2B3711}.Debug|Any CPU.ActiveCfg = Debug|Any CPU
		{C095CEBA-91A9-45C0-9475-27BBDB2B3711}.Debug|Any CPU.Build.0 = Debug|Any CPU
		{C095CEBA-91A9-45C0-9475-27BBDB2B3711}.Release|Any CPU.ActiveCfg = Release|Any CPU
		{C095CEBA-91A9-45C0-9475-27BBDB2B3711}.Release|Any CPU.Build.0 = Release|Any CPU
		{89285A43-C36B-44DE-A877-A5634EAEA36E}.Debug|Any CPU.ActiveCfg = Debug|Any CPU
		{89285A43-C36B-44DE-A877-A5634EAEA36E}.Debug|Any CPU.Build.0 = Debug|Any CPU
		{89285A43-C36B-44DE-A877-A5634EAEA36E}.Release|Any CPU.ActiveCfg = Release|Any CPU
		{89285A43-C36B-44DE-A877-A5634EAEA36E}.Release|Any CPU.Build.0 = Release|Any CPU
		{54E3F0A9-E474-4E69-8DE8-B662269C95DF}.Debug|Any CPU.ActiveCfg = Debug|Any CPU
		{54E3F0A9-E474-4E69-8DE8-B662269C95DF}.Debug|Any CPU.Build.0 = Debug|Any CPU
		{54E3F0A9-E474-4E69-8DE8-B662269C95DF}.Release|Any CPU.ActiveCfg = Release|Any CPU
		{54E3F0A9-E474-4E69-8DE8-B662269C95DF}.Release|Any CPU.Build.0 = Release|Any CPU
	EndGlobalSection
	GlobalSection(SolutionProperties) = preSolution
		HideSolutionNode = FALSE
	EndGlobalSection
	GlobalSection(ExtensibilityGlobals) = postSolution
		SolutionGuid = {AE6CDF11-8051-4A27-B8C3-EFDB41DE61FC}
	EndGlobalSection
EndGlobal
